// !$*UTF8*$!
{
	archiveVersion = 1;
	classes = {
	};
	objectVersion = 46;
	objects = {

/* Begin PBXBuildFile section */
		81353F0F1DAA1AE00076A40A /* DTMDiffHeatmap.m in Sources */ = {isa = PBXBuildFile; fileRef = 81353F0C1DAA1AE00076A40A /* DTMDiffHeatmap.m */; };
		81353F101DAA1AE00076A40A /* DTMHeatmap.m in Sources */ = {isa = PBXBuildFile; fileRef = 81353F0E1DAA1AE00076A40A /* DTMHeatmap.m */; };
		81353F171DAA1DC10076A40A /* DTMColorProvider.m in Sources */ = {isa = PBXBuildFile; fileRef = 81353F141DAA1DC10076A40A /* DTMColorProvider.m */; };
		81353F181DAA1DC10076A40A /* DTMDiffColorProvider.m in Sources */ = {isa = PBXBuildFile; fileRef = 81353F161DAA1DC10076A40A /* DTMDiffColorProvider.m */; };
		81353F1B1DAA204B0076A40A /* DTMHeatmapRenderer.m in Sources */ = {isa = PBXBuildFile; fileRef = 81353F1A1DAA204B0076A40A /* DTMHeatmapRenderer.m */; };
		A02F571B1DA9E570009E4031 /* AppDelegate.swift in Sources */ = {isa = PBXBuildFile; fileRef = A02F571A1DA9E570009E4031 /* AppDelegate.swift */; };
		A02F571D1DA9E570009E4031 /* ViewController.swift in Sources */ = {isa = PBXBuildFile; fileRef = A02F571C1DA9E570009E4031 /* ViewController.swift */; };
		A02F57221DA9E570009E4031 /* Assets.xcassets in Resources */ = {isa = PBXBuildFile; fileRef = A02F57211DA9E570009E4031 /* Assets.xcassets */; };
		A02F57251DA9E570009E4031 /* LaunchScreen.storyboard in Resources */ = {isa = PBXBuildFile; fileRef = A02F57231DA9E570009E4031 /* LaunchScreen.storyboard */; };
		A02F572D1DA9F5F8009E4031 /* incidents15.json in Resources */ = {isa = PBXBuildFile; fileRef = A02F572C1DA9F5F8009E4031 /* incidents15.json */; };
		A02F57311DAA0D87009E4031 /* NSObject+NSValue_MKMapPoint.m in Sources */ = {isa = PBXBuildFile; fileRef = A02F57301DAA0D87009E4031 /* NSObject+NSValue_MKMapPoint.m */; };
		A02F57331DAA14D5009E4031 /* Incident.swift in Sources */ = {isa = PBXBuildFile; fileRef = A02F57321DAA14D5009E4031 /* Incident.swift */; };
/* End PBXBuildFile section */

/* Begin PBXFileReference section */
		81353F0B1DAA1AE00076A40A /* DTMDiffHeatmap.h */ = {isa = PBXFileReference; fileEncoding = 4; lastKnownFileType = sourcecode.c.h; path = DTMDiffHeatmap.h; sourceTree = "<group>"; };
		81353F0C1DAA1AE00076A40A /* DTMDiffHeatmap.m */ = {isa = PBXFileReference; fileEncoding = 4; lastKnownFileType = sourcecode.c.objc; path = DTMDiffHeatmap.m; sourceTree = "<group>"; };
		81353F0D1DAA1AE00076A40A /* DTMHeatmap.h */ = {isa = PBXFileReference; fileEncoding = 4; lastKnownFileType = sourcecode.c.h; path = DTMHeatmap.h; sourceTree = "<group>"; };
		81353F0E1DAA1AE00076A40A /* DTMHeatmap.m */ = {isa = PBXFileReference; fileEncoding = 4; lastKnownFileType = sourcecode.c.objc; path = DTMHeatmap.m; sourceTree = "<group>"; };
		81353F131DAA1DC10076A40A /* DTMColorProvider.h */ = {isa = PBXFileReference; fileEncoding = 4; lastKnownFileType = sourcecode.c.h; path = DTMColorProvider.h; sourceTree = "<group>"; };
		81353F141DAA1DC10076A40A /* DTMColorProvider.m */ = {isa = PBXFileReference; fileEncoding = 4; lastKnownFileType = sourcecode.c.objc; path = DTMColorProvider.m; sourceTree = "<group>"; };
		81353F151DAA1DC10076A40A /* DTMDiffColorProvider.h */ = {isa = PBXFileReference; fileEncoding = 4; lastKnownFileType = sourcecode.c.h; path = DTMDiffColorProvider.h; sourceTree = "<group>"; };
		81353F161DAA1DC10076A40A /* DTMDiffColorProvider.m */ = {isa = PBXFileReference; fileEncoding = 4; lastKnownFileType = sourcecode.c.objc; path = DTMDiffColorProvider.m; sourceTree = "<group>"; };
		81353F191DAA204B0076A40A /* DTMHeatmapRenderer.h */ = {isa = PBXFileReference; fileEncoding = 4; lastKnownFileType = sourcecode.c.h; path = DTMHeatmapRenderer.h; sourceTree = "<group>"; };
		81353F1A1DAA204B0076A40A /* DTMHeatmapRenderer.m */ = {isa = PBXFileReference; fileEncoding = 4; lastKnownFileType = sourcecode.c.objc; path = DTMHeatmapRenderer.m; sourceTree = "<group>"; };
		A02F57171DA9E570009E4031 /* Cognizant.app */ = {isa = PBXFileReference; explicitFileType = wrapper.application; includeInIndex = 0; path = Cognizant.app; sourceTree = BUILT_PRODUCTS_DIR; };
		A02F571A1DA9E570009E4031 /* AppDelegate.swift */ = {isa = PBXFileReference; lastKnownFileType = sourcecode.swift; path = AppDelegate.swift; sourceTree = "<group>"; };
		A02F571C1DA9E570009E4031 /* ViewController.swift */ = {isa = PBXFileReference; lastKnownFileType = sourcecode.swift; path = ViewController.swift; sourceTree = "<group>"; };
		A02F57211DA9E570009E4031 /* Assets.xcassets */ = {isa = PBXFileReference; lastKnownFileType = folder.assetcatalog; path = Assets.xcassets; sourceTree = "<group>"; };
		A02F57241DA9E570009E4031 /* Base */ = {isa = PBXFileReference; lastKnownFileType = file.storyboard; name = Base; path = Base.lproj/LaunchScreen.storyboard; sourceTree = "<group>"; };
		A02F57261DA9E570009E4031 /* Info.plist */ = {isa = PBXFileReference; lastKnownFileType = text.plist.xml; path = Info.plist; sourceTree = "<group>"; };
		A02F572C1DA9F5F8009E4031 /* incidents15.json */ = {isa = PBXFileReference; fileEncoding = 4; lastKnownFileType = text.json; path = incidents15.json; sourceTree = "<group>"; };
		A02F572E1DAA0D86009E4031 /* Cognizant-Bridging-Header.h */ = {isa = PBXFileReference; lastKnownFileType = sourcecode.c.h; path = "Cognizant-Bridging-Header.h"; sourceTree = "<group>"; };
		A02F572F1DAA0D87009E4031 /* NSObject+NSValue_MKMapPoint.h */ = {isa = PBXFileReference; fileEncoding = 4; lastKnownFileType = sourcecode.c.h; path = "NSObject+NSValue_MKMapPoint.h"; sourceTree = "<group>"; };
		A02F57301DAA0D87009E4031 /* NSObject+NSValue_MKMapPoint.m */ = {isa = PBXFileReference; fileEncoding = 4; lastKnownFileType = sourcecode.c.objc; path = "NSObject+NSValue_MKMapPoint.m"; sourceTree = "<group>"; };
		A02F57321DAA14D5009E4031 /* Incident.swift */ = {isa = PBXFileReference; fileEncoding = 4; lastKnownFileType = sourcecode.swift; path = Incident.swift; sourceTree = "<group>"; };
/* End PBXFileReference section */

/* Begin PBXFrameworksBuildPhase section */
		A02F57141DA9E570009E4031 /* Frameworks */ = {
			isa = PBXFrameworksBuildPhase;
			buildActionMask = 2147483647;
			files = (
			);
			runOnlyForDeploymentPostprocessing = 0;
		};
/* End PBXFrameworksBuildPhase section */

/* Begin PBXGroup section */
		81353F111DAA1D1F0076A40A /* DTMHeatmap */ = {
			isa = PBXGroup;
			children = (
				81353F191DAA204B0076A40A /* DTMHeatmapRenderer.h */,
				81353F1A1DAA204B0076A40A /* DTMHeatmapRenderer.m */,
				81353F0B1DAA1AE00076A40A /* DTMDiffHeatmap.h */,
				81353F0C1DAA1AE00076A40A /* DTMDiffHeatmap.m */,
				81353F0D1DAA1AE00076A40A /* DTMHeatmap.h */,
				81353F0E1DAA1AE00076A40A /* DTMHeatmap.m */,
			);
			name = DTMHeatmap;
			sourceTree = "<group>";
		};
		81353F121DAA1DAC0076A40A /* ColorProvider */ = {
			isa = PBXGroup;
			children = (
				81353F131DAA1DC10076A40A /* DTMColorProvider.h */,
				81353F141DAA1DC10076A40A /* DTMColorProvider.m */,
				81353F151DAA1DC10076A40A /* DTMDiffColorProvider.h */,
				81353F161DAA1DC10076A40A /* DTMDiffColorProvider.m */,
			);
			name = ColorProvider;
			sourceTree = "<group>";
		};
		A02F570E1DA9E570009E4031 = {
			isa = PBXGroup;
			children = (
				A02F57191DA9E570009E4031 /* Cognizant */,
				A02F57181DA9E570009E4031 /* Products */,
			);
			sourceTree = "<group>";
		};
		A02F57181DA9E570009E4031 /* Products */ = {
			isa = PBXGroup;
			children = (
				A02F57171DA9E570009E4031 /* Cognizant.app */,
			);
			name = Products;
			sourceTree = "<group>";
		};
		A02F57191DA9E570009E4031 /* Cognizant */ = {
			isa = PBXGroup;
			children = (
				81353F121DAA1DAC0076A40A /* ColorProvider */,
				A02F571A1DA9E570009E4031 /* AppDelegate.swift */,
				A02F571C1DA9E570009E4031 /* ViewController.swift */,
				81353F111DAA1D1F0076A40A /* DTMHeatmap */,
				A02F572F1DAA0D87009E4031 /* NSObject+NSValue_MKMapPoint.h */,
				A02F57301DAA0D87009E4031 /* NSObject+NSValue_MKMapPoint.m */,
				A02F57211DA9E570009E4031 /* Assets.xcassets */,
				A02F57231DA9E570009E4031 /* LaunchScreen.storyboard */,
				A02F57261DA9E570009E4031 /* Info.plist */,
				A02F572C1DA9F5F8009E4031 /* incidents15.json */,
				A02F572E1DAA0D86009E4031 /* Cognizant-Bridging-Header.h */,
				A02F57321DAA14D5009E4031 /* Incident.swift */,
			);
			path = Cognizant;
			sourceTree = "<group>";
		};
/* End PBXGroup section */

/* Begin PBXNativeTarget section */
		A02F57161DA9E570009E4031 /* Cognizant */ = {
			isa = PBXNativeTarget;
			buildConfigurationList = A02F57291DA9E570009E4031 /* Build configuration list for PBXNativeTarget "Cognizant" */;
			buildPhases = (
				A02F57131DA9E570009E4031 /* Sources */,
				A02F57141DA9E570009E4031 /* Frameworks */,
				A02F57151DA9E570009E4031 /* Resources */,
			);
			buildRules = (
			);
			dependencies = (
			);
			name = Cognizant;
			productName = Cognizant;
			productReference = A02F57171DA9E570009E4031 /* Cognizant.app */;
			productType = "com.apple.product-type.application";
		};
/* End PBXNativeTarget section */

/* Begin PBXProject section */
		A02F570F1DA9E570009E4031 /* Project object */ = {
			isa = PBXProject;
			attributes = {
				LastSwiftUpdateCheck = 0730;
				LastUpgradeCheck = 0730;
				ORGANIZATIONNAME = "Richard Kim";
				TargetAttributes = {
					A02F57161DA9E570009E4031 = {
						CreatedOnToolsVersion = 7.3.1;
						DevelopmentTeam = F842GYZP5B;
					};
				};
			};
			buildConfigurationList = A02F57121DA9E570009E4031 /* Build configuration list for PBXProject "Cognizant" */;
			compatibilityVersion = "Xcode 3.2";
			developmentRegion = English;
			hasScannedForEncodings = 0;
			knownRegions = (
				en,
				Base,
			);
			mainGroup = A02F570E1DA9E570009E4031;
			productRefGroup = A02F57181DA9E570009E4031 /* Products */;
			projectDirPath = "";
			projectRoot = "";
			targets = (
				A02F57161DA9E570009E4031 /* Cognizant */,
			);
		};
/* End PBXProject section */

/* Begin PBXResourcesBuildPhase section */
		A02F57151DA9E570009E4031 /* Resources */ = {
			isa = PBXResourcesBuildPhase;
			buildActionMask = 2147483647;
			files = (
				A02F57251DA9E570009E4031 /* LaunchScreen.storyboard in Resources */,
				A02F57221DA9E570009E4031 /* Assets.xcassets in Resources */,
				A02F572D1DA9F5F8009E4031 /* incidents15.json in Resources */,
			);
			runOnlyForDeploymentPostprocessing = 0;
		};
/* End PBXResourcesBuildPhase section */

/* Begin PBXSourcesBuildPhase section */
		A02F57131DA9E570009E4031 /* Sources */ = {
			isa = PBXSourcesBuildPhase;
			buildActionMask = 2147483647;
			files = (
				81353F171DAA1DC10076A40A /* DTMColorProvider.m in Sources */,
				A02F571D1DA9E570009E4031 /* ViewController.swift in Sources */,
				81353F0F1DAA1AE00076A40A /* DTMDiffHeatmap.m in Sources */,
				81353F1B1DAA204B0076A40A /* DTMHeatmapRenderer.m in Sources */,
				81353F181DAA1DC10076A40A /* DTMDiffColorProvider.m in Sources */,
				A02F57311DAA0D87009E4031 /* NSObject+NSValue_MKMapPoint.m in Sources */,
				A02F571B1DA9E570009E4031 /* AppDelegate.swift in Sources */,
				81353F101DAA1AE00076A40A /* DTMHeatmap.m in Sources */,
				A02F57331DAA14D5009E4031 /* Incident.swift in Sources */,
			);
			runOnlyForDeploymentPostprocessing = 0;
		};
/* End PBXSourcesBuildPhase section */

/* Begin PBXVariantGroup section */
		A02F57231DA9E570009E4031 /* LaunchScreen.storyboard */ = {
			isa = PBXVariantGroup;
			children = (
				A02F57241DA9E570009E4031 /* Base */,
			);
			name = LaunchScreen.storyboard;
			sourceTree = "<group>";
		};
/* End PBXVariantGroup section */

/* Begin XCBuildConfiguration section */
		A02F57271DA9E570009E4031 /* Debug */ = {
			isa = XCBuildConfiguration;
			buildSettings = {
				ALWAYS_SEARCH_USER_PATHS = NO;
				CLANG_ANALYZER_NONNULL = YES;
				CLANG_CXX_LANGUAGE_STANDARD = "gnu++0x";
				CLANG_CXX_LIBRARY = "libc++";
				CLANG_ENABLE_MODULES = YES;
				CLANG_ENABLE_OBJC_ARC = YES;
				CLANG_WARN_BOOL_CONVERSION = YES;
				CLANG_WARN_CONSTANT_CONVERSION = YES;
				CLANG_WARN_DIRECT_OBJC_ISA_USAGE = YES_ERROR;
				CLANG_WARN_EMPTY_BODY = YES;
				CLANG_WARN_ENUM_CONVERSION = YES;
				CLANG_WARN_INT_CONVERSION = YES;
				CLANG_WARN_OBJC_ROOT_CLASS = YES_ERROR;
				CLANG_WARN_UNREACHABLE_CODE = YES;
				CLANG_WARN__DUPLICATE_METHOD_MATCH = YES;
				"CODE_SIGN_IDENTITY[sdk=iphoneos*]" = "iPhone Developer";
				COPY_PHASE_STRIP = NO;
				DEBUG_INFORMATION_FORMAT = dwarf;
				ENABLE_STRICT_OBJC_MSGSEND = YES;
				ENABLE_TESTABILITY = YES;
				GCC_C_LANGUAGE_STANDARD = gnu99;
				GCC_DYNAMIC_NO_PIC = NO;
				GCC_NO_COMMON_BLOCKS = YES;
				GCC_OPTIMIZATION_LEVEL = 0;
				GCC_PREPROCESSOR_DEFINITIONS = (
					"DEBUG=1",
					"$(inherited)",
				);
				GCC_WARN_64_TO_32_BIT_CONVERSION = YES;
				GCC_WARN_ABOUT_RETURN_TYPE = YES_ERROR;
				GCC_WARN_UNDECLARED_SELECTOR = YES;
				GCC_WARN_UNINITIALIZED_AUTOS = YES_AGGRESSIVE;
				GCC_WARN_UNUSED_FUNCTION = YES;
				GCC_WARN_UNUSED_VARIABLE = YES;
				IPHONEOS_DEPLOYMENT_TARGET = 9.3;
				MTL_ENABLE_DEBUG_INFO = YES;
				ONLY_ACTIVE_ARCH = YES;
				SDKROOT = iphoneos;
				SWIFT_OPTIMIZATION_LEVEL = "-Onone";
				TARGETED_DEVICE_FAMILY = "1,2";
			};
			name = Debug;
		};
		A02F57281DA9E570009E4031 /* Release */ = {
			isa = XCBuildConfiguration;
			buildSettings = {
				ALWAYS_SEARCH_USER_PATHS = NO;
				CLANG_ANALYZER_NONNULL = YES;
				CLANG_CXX_LANGUAGE_STANDARD = "gnu++0x";
				CLANG_CXX_LIBRARY = "libc++";
				CLANG_ENABLE_MODULES = YES;
				CLANG_ENABLE_OBJC_ARC = YES;
				CLANG_WARN_BOOL_CONVERSION = YES;
				CLANG_WARN_CONSTANT_CONVERSION = YES;
				CLANG_WARN_DIRECT_OBJC_ISA_USAGE = YES_ERROR;
				CLANG_WARN_EMPTY_BODY = YES;
				CLANG_WARN_ENUM_CONVERSION = YES;
				CLANG_WARN_INT_CONVERSION = YES;
				CLANG_WARN_OBJC_ROOT_CLASS = YES_ERROR;
				CLANG_WARN_UNREACHABLE_CODE = YES;
				CLANG_WARN__DUPLICATE_METHOD_MATCH = YES;
				"CODE_SIGN_IDENTITY[sdk=iphoneos*]" = "iPhone Developer";
				COPY_PHASE_STRIP = NO;
				DEBUG_INFORMATION_FORMAT = "dwarf-with-dsym";
				ENABLE_NS_ASSERTIONS = NO;
				ENABLE_STRICT_OBJC_MSGSEND = YES;
				GCC_C_LANGUAGE_STANDARD = gnu99;
				GCC_NO_COMMON_BLOCKS = YES;
				GCC_WARN_64_TO_32_BIT_CONVERSION = YES;
				GCC_WARN_ABOUT_RETURN_TYPE = YES_ERROR;
				GCC_WARN_UNDECLARED_SELECTOR = YES;
				GCC_WARN_UNINITIALIZED_AUTOS = YES_AGGRESSIVE;
				GCC_WARN_UNUSED_FUNCTION = YES;
				GCC_WARN_UNUSED_VARIABLE = YES;
				IPHONEOS_DEPLOYMENT_TARGET = 9.3;
				MTL_ENABLE_DEBUG_INFO = NO;
				SDKROOT = iphoneos;
				TARGETED_DEVICE_FAMILY = "1,2";
				VALIDATE_PRODUCT = YES;
			};
			name = Release;
		};
		A02F572A1DA9E570009E4031 /* Debug */ = {
			isa = XCBuildConfiguration;
			buildSettings = {
				ASSETCATALOG_COMPILER_APPICON_NAME = AppIcon;
				CLANG_ENABLE_MODULES = YES;
				DEVELOPMENT_TEAM = F842GYZP5B;
				INFOPLIST_FILE = Cognizant/Info.plist;
				LD_RUNPATH_SEARCH_PATHS = "$(inherited) @executable_path/Frameworks";
				PRODUCT_BUNDLE_IDENTIFIER = com.richardkim.Cognizant;
				PRODUCT_NAME = "$(TARGET_NAME)";
				SWIFT_OBJC_BRIDGING_HEADER = "Cognizant/Cognizant-Bridging-Header.h";
				SWIFT_OPTIMIZATION_LEVEL = "-Onone";
				SWIFT_VERSION = 2.3;
			};
			name = Debug;
		};
		A02F572B1DA9E570009E4031 /* Release */ = {
			isa = XCBuildConfiguration;
			buildSettings = {
				ASSETCATALOG_COMPILER_APPICON_NAME = AppIcon;
				CLANG_ENABLE_MODULES = YES;
				DEVELOPMENT_TEAM = F842GYZP5B;
				INFOPLIST_FILE = Cognizant/Info.plist;
				LD_RUNPATH_SEARCH_PATHS = "$(inherited) @executable_path/Frameworks";
				PRODUCT_BUNDLE_IDENTIFIER = com.richardkim.Cognizant;
				PRODUCT_NAME = "$(TARGET_NAME)";
				SWIFT_OBJC_BRIDGING_HEADER = "Cognizant/Cognizant-Bridging-Header.h";
				SWIFT_VERSION = 2.3;
			};
			name = Release;
		};
/* End XCBuildConfiguration section */

/* Begin XCConfigurationList section */
		A02F57121DA9E570009E4031 /* Build configuration list for PBXProject "Cognizant" */ = {
			isa = XCConfigurationList;
			buildConfigurations = (
				A02F57271DA9E570009E4031 /* Debug */,
				A02F57281DA9E570009E4031 /* Release */,
			);
			defaultConfigurationIsVisible = 0;
			defaultConfigurationName = Release;
		};
		A02F57291DA9E570009E4031 /* Build configuration list for PBXNativeTarget "Cognizant" */ = {
			isa = XCConfigurationList;
			buildConfigurations = (
				A02F572A1DA9E570009E4031 /* Debug */,
				A02F572B1DA9E570009E4031 /* Release */,
			);
			defaultConfigurationIsVisible = 0;
			defaultConfigurationName = Release;
		};
/* End XCConfigurationList section */
	};
	rootObject = A02F570F1DA9E570009E4031 /* Project object */;
}
